
Microsoft Visual Studio Solution File, Format Version 12.00
# Visual Studio 15
VisualStudioVersion = 15.0.28307.902
MinimumVisualStudioVersion = 10.0.40219.1
Project("{9A19103F-16F7-4668-BE54-9A1E7A4F7556}") = "Troubleshooting", "Troubleshooting\Troubleshooting.csproj", "{27B6195A-41B6-4A05-9B03-B755190012D5}"
EndProject
Project("{FAE04EC0-301F-11D3-BF4B-00C04F79EFBC}") = "Tracing.WebForms", "Trace.WebForms\Tracing.WebForms.csproj", "{02AA2878-0938-4772-B64F-1C3C5B6480F6}"
EndProject
Global
	GlobalSection(SolutionConfigurationPlatforms) = preSolution
		Debug|Any CPU = Debug|Any CPU
		Release|Any CPU = Release|Any CPU
	EndGlobalSection
	GlobalSection(ProjectConfigurationPlatforms) = postSolution
		{27B6195A-41B6-4A05-9B03-B755190012D5}.Debug|Any CPU.ActiveCfg = Debug|Any CPU
		{27B6195A-41B6-4A05-9B03-B755190012D5}.Debug|Any CPU.Build.0 = Debug|Any CPU
		{27B6195A-41B6-4A05-9B03-B755190012D5}.Release|Any CPU.ActiveCfg = Release|Any CPU
		{27B6195A-41B6-4A05-9B03-B755190012D5}.Release|Any CPU.Build.0 = Release|Any CPU
		{02AA2878-0938-4772-B64F-1C3C5B6480F6}.Debug|Any CPU.ActiveCfg = Debug|Any CPU
		{02AA2878-0938-4772-B64F-1C3C5B6480F6}.Debug|Any CPU.Build.0 = Debug|Any CPU
		{02AA2878-0938-4772-B64F-1C3C5B6480F6}.Release|Any CPU.ActiveCfg = Release|Any CPU
		{02AA2878-0938-4772-B64F-1C3C5B6480F6}.Release|Any CPU.Build.0 = Release|Any CPU
	EndGlobalSection
	GlobalSection(SolutionProperties) = preSolution
		HideSolutionNode = FALSE
	EndGlobalSection
	GlobalSection(ExtensibilityGlobals) = postSolution
		SolutionGuid = {8707516A-DE5D-4854-8DB0-69A5B2333813}
	EndGlobalSection
EndGlobal
